// !$*UTF8*$!
{
	archiveVersion = 1;
	classes = {
	};
	objectVersion = 46;
	objects = {

/* Begin PBXBuildFile section */
		8D6D0A201E2EB65700E8A5D1 /* main.m in Sources */ = {isa = PBXBuildFile; fileRef = 8D6D0A1F1E2EB65700E8A5D1 /* main.m */; };
		8D6D0A231E2EB65700E8A5D1 /* AppDelegate.m in Sources */ = {isa = PBXBuildFile; fileRef = 8D6D0A221E2EB65700E8A5D1 /* AppDelegate.m */; };
		8D6D0A291E2EB65700E8A5D1 /* Main.storyboard in Resources */ = {isa = PBXBuildFile; fileRef = 8D6D0A271E2EB65700E8A5D1 /* Main.storyboard */; };
		8D6D0A2B1E2EB65700E8A5D1 /* Assets.xcassets in Resources */ = {isa = PBXBuildFile; fileRef = 8D6D0A2A1E2EB65700E8A5D1 /* Assets.xcassets */; };
		8D6D0A2E1E2EB65700E8A5D1 /* LaunchScreen.storyboard in Resources */ = {isa = PBXBuildFile; fileRef = 8D6D0A2C1E2EB65700E8A5D1 /* LaunchScreen.storyboard */; };
		8D6D0A3C1E2EB79D00E8A5D1 /* DMNLibrary.m in Sources */ = {isa = PBXBuildFile; fileRef = 8D6D0A3B1E2EB79D00E8A5D1 /* DMNLibrary.m */; };
/* End PBXBuildFile section */

/* Begin PBXFileReference section */
		8D6D0A1B1E2EB65700E8A5D1 /* Libraries.app */ = {isa = PBXFileReference; explicitFileType = wrapper.application; includeInIndex = 0; path = Libraries.app; sourceTree = BUILT_PRODUCTS_DIR; };
		8D6D0A1F1E2EB65700E8A5D1 /* main.m */ = {isa = PBXFileReference; lastKnownFileType = sourcecode.c.objc; path = main.m; sourceTree = "<group>"; };
		8D6D0A211E2EB65700E8A5D1 /* AppDelegate.h */ = {isa = PBXFileReference; lastKnownFileType = sourcecode.c.h; path = AppDelegate.h; sourceTree = "<group>"; };
		8D6D0A221E2EB65700E8A5D1 /* AppDelegate.m */ = {isa = PBXFileReference; lastKnownFileType = sourcecode.c.objc; path = AppDelegate.m; sourceTree = "<group>"; };
		8D6D0A281E2EB65700E8A5D1 /* Base */ = {isa = PBXFileReference; lastKnownFileType = file.storyboard; name = Base; path = Base.lproj/Main.storyboard; sourceTree = "<group>"; };
		8D6D0A2A1E2EB65700E8A5D1 /* Assets.xcassets */ = {isa = PBXFileReference; lastKnownFileType = folder.assetcatalog; path = Assets.xcassets; sourceTree = "<group>"; };
		8D6D0A2D1E2EB65700E8A5D1 /* Base */ = {isa = PBXFileReference; lastKnownFileType = file.storyboard; name = Base; path = Base.lproj/LaunchScreen.storyboard; sourceTree = "<group>"; };
		8D6D0A2F1E2EB65700E8A5D1 /* Info.plist */ = {isa = PBXFileReference; lastKnownFileType = text.plist.xml; path = Info.plist; sourceTree = "<group>"; };
		8D6D0A3A1E2EB79D00E8A5D1 /* DMNLibrary.h */ = {isa = PBXFileReference; fileEncoding = 4; lastKnownFileType = sourcecode.c.h; path = DMNLibrary.h; sourceTree = "<group>"; };
		8D6D0A3B1E2EB79D00E8A5D1 /* DMNLibrary.m */ = {isa = PBXFileReference; fileEncoding = 4; lastKnownFileType = sourcecode.c.objc; path = DMNLibrary.m; sourceTree = "<group>"; };
/* End PBXFileReference section */

/* Begin PBXFrameworksBuildPhase section */
		8D6D0A181E2EB65700E8A5D1 /* Frameworks */ = {
			isa = PBXFrameworksBuildPhase;
			buildActionMask = 2147483647;
			files = (
			);
			runOnlyForDeploymentPostprocessing = 0;
		};
/* End PBXFrameworksBuildPhase section */

/* Begin PBXGroup section */
		8D6D0A121E2EB65700E8A5D1 = {
			isa = PBXGroup;
			children = (
				8D6D0A1D1E2EB65700E8A5D1 /* Libraries */,
				8D6D0A1C1E2EB65700E8A5D1 /* Products */,
			);
			sourceTree = "<group>";
		};
		8D6D0A1C1E2EB65700E8A5D1 /* Products */ = {
			isa = PBXGroup;
			children = (
				8D6D0A1B1E2EB65700E8A5D1 /* Libraries.app */,
			);
			name = Products;
			sourceTree = "<group>";
		};
		8D6D0A1D1E2EB65700E8A5D1 /* Libraries */ = {
			isa = PBXGroup;
			children = (
				8D6D0A211E2EB65700E8A5D1 /* AppDelegate.h */,
				8D6D0A221E2EB65700E8A5D1 /* AppDelegate.m */,
				8D6D0A391E2EB6F900E8A5D1 /* Network Controller */,
				8D6D0A361E2EB6D400E8A5D1 /* Model */,
				8D6D0A371E2EB6E700E8A5D1 /* Model Controller */,
				8D6D0A381E2EB6EE00E8A5D1 /* View Controller */,
				8D6D0A351E2EB6B700E8A5D1 /* View */,
				8D6D0A1E1E2EB65700E8A5D1 /* Supporting Files */,
			);
			path = Libraries;
			sourceTree = "<group>";
		};
		8D6D0A1E1E2EB65700E8A5D1 /* Supporting Files */ = {
			isa = PBXGroup;
			children = (
				8D6D0A2A1E2EB65700E8A5D1 /* Assets.xcassets */,
				8D6D0A2C1E2EB65700E8A5D1 /* LaunchScreen.storyboard */,
				8D6D0A2F1E2EB65700E8A5D1 /* Info.plist */,
				8D6D0A1F1E2EB65700E8A5D1 /* main.m */,
			);
			name = "Supporting Files";
			sourceTree = "<group>";
		};
		8D6D0A351E2EB6B700E8A5D1 /* View */ = {
			isa = PBXGroup;
			children = (
				8D6D0A271E2EB65700E8A5D1 /* Main.storyboard */,
			);
			name = View;
			sourceTree = "<group>";
		};
		8D6D0A361E2EB6D400E8A5D1 /* Model */ = {
			isa = PBXGroup;
			children = (
				8D6D0A3A1E2EB79D00E8A5D1 /* DMNLibrary.h */,
				8D6D0A3B1E2EB79D00E8A5D1 /* DMNLibrary.m */,
			);
			name = Model;
			path = ..;
			sourceTree = "<group>";
		};
		8D6D0A371E2EB6E700E8A5D1 /* Model Controller */ = {
			isa = PBXGroup;
			children = (
			);
			name = "Model Controller";
			path = ..;
			sourceTree = "<group>";
		};
		8D6D0A381E2EB6EE00E8A5D1 /* View Controller */ = {
			isa = PBXGroup;
			children = (
			);
			name = "View Controller";
			path = ..;
			sourceTree = "<group>";
		};
		8D6D0A391E2EB6F900E8A5D1 /* Network Controller */ = {
			isa = PBXGroup;
			children = (
			);
			name = "Network Controller";
			path = ..;
			sourceTree = "<group>";
		};
/* End PBXGroup section */

/* Begin PBXNativeTarget section */
		8D6D0A1A1E2EB65700E8A5D1 /* Libraries */ = {
			isa = PBXNativeTarget;
			buildConfigurationList = 8D6D0A321E2EB65700E8A5D1 /* Build configuration list for PBXNativeTarget "Libraries" */;
			buildPhases = (
				8D6D0A171E2EB65700E8A5D1 /* Sources */,
				8D6D0A181E2EB65700E8A5D1 /* Frameworks */,
				8D6D0A191E2EB65700E8A5D1 /* Resources */,
			);
			buildRules = (
			);
			dependencies = (
			);
			name = Libraries;
			productName = Libraries;
			productReference = 8D6D0A1B1E2EB65700E8A5D1 /* Libraries.app */;
			productType = "com.apple.product-type.application";
		};
/* End PBXNativeTarget section */

/* Begin PBXProject section */
		8D6D0A131E2EB65700E8A5D1 /* Project object */ = {
			isa = PBXProject;
			attributes = {
				LastUpgradeCheck = 0820;
				ORGANIZATIONNAME = "Nicholas Ellis";
				TargetAttributes = {
					8D6D0A1A1E2EB65700E8A5D1 = {
						CreatedOnToolsVersion = 8.2.1;
						DevelopmentTeam = XSV88KY8NF;
						ProvisioningStyle = Automatic;
					};
				};
			};
			buildConfigurationList = 8D6D0A161E2EB65700E8A5D1 /* Build configuration list for PBXProject "Libraries" */;
			compatibilityVersion = "Xcode 3.2";
			developmentRegion = English;
			hasScannedForEncodings = 0;
			knownRegions = (
				en,
				Base,
			);
			mainGroup = 8D6D0A121E2EB65700E8A5D1;
			productRefGroup = 8D6D0A1C1E2EB65700E8A5D1 /* Products */;
			projectDirPath = "";
			projectRoot = "";
			targets = (
				8D6D0A1A1E2EB65700E8A5D1 /* Libraries */,
			);
		};
/* End PBXProject section */

/* Begin PBXResourcesBuildPhase section */
		8D6D0A191E2EB65700E8A5D1 /* Resources */ = {
			isa = PBXResourcesBuildPhase;
			buildActionMask = 2147483647;
			files = (
				8D6D0A2E1E2EB65700E8A5D1 /* LaunchScreen.storyboard in Resources */,
				8D6D0A2B1E2EB65700E8A5D1 /* Assets.xcassets in Resources */,
				8D6D0A291E2EB65700E8A5D1 /* Main.storyboard in Resources */,
			);
			runOnlyForDeploymentPostprocessing = 0;
		};
/* End PBXResourcesBuildPhase section */

/* Begin PBXSourcesBuildPhase section */
		8D6D0A171E2EB65700E8A5D1 /* Sources */ = {
			isa = PBXSourcesBuildPhase;
			buildActionMask = 2147483647;
			files = (
				8D6D0A3C1E2EB79D00E8A5D1 /* DMNLibrary.m in Sources */,
				8D6D0A231E2EB65700E8A5D1 /* AppDelegate.m in Sources */,
				8D6D0A201E2EB65700E8A5D1 /* main.m in Sources */,
			);
			runOnlyForDeploymentPostprocessing = 0;
		};
/* End PBXSourcesBuildPhase section */

/* Begin PBXVariantGroup section */
		8D6D0A271E2EB65700E8A5D1 /* Main.storyboard */ = {
			isa = PBXVariantGroup;
			children = (
				8D6D0A281E2EB65700E8A5D1 /* Base */,
			);
			name = Main.storyboard;
			sourceTree = "<group>";
		};
		8D6D0A2C1E2EB65700E8A5D1 /* LaunchScreen.storyboard */ = {
			isa = PBXVariantGroup;
			children = (
				8D6D0A2D1E2EB65700E8A5D1 /* Base */,
			);
			name = LaunchScreen.storyboard;
			sourceTree = "<group>";
		};
/* End PBXVariantGroup section */

/* Begin XCBuildConfiguration section */
		8D6D0A301E2EB65700E8A5D1 /* Debug */ = {
			isa = XCBuildConfiguration;
			buildSettings = {
				ALWAYS_SEARCH_USER_PATHS = NO;
				CLANG_ANALYZER_NONNULL = YES;
				CLANG_CXX_LANGUAGE_STANDARD = "gnu++0x";
				CLANG_CXX_LIBRARY = "libc++";
				CLANG_ENABLE_MODULES = YES;
				CLANG_ENABLE_OBJC_ARC = YES;
				CLANG_WARN_BOOL_CONVERSION = YES;
				CLANG_WARN_CONSTANT_CONVERSION = YES;
				CLANG_WARN_DIRECT_OBJC_ISA_USAGE = YES_ERROR;
				CLANG_WARN_DOCUMENTATION_COMMENTS = YES;
				CLANG_WARN_EMPTY_BODY = YES;
				CLANG_WARN_ENUM_CONVERSION = YES;
				CLANG_WARN_INFINITE_RECURSION = YES;
				CLANG_WARN_INT_CONVERSION = YES;
				CLANG_WARN_OBJC_ROOT_CLASS = YES_ERROR;
				CLANG_WARN_SUSPICIOUS_MOVE = YES;
				CLANG_WARN_UNREACHABLE_CODE = YES;
				CLANG_WARN__DUPLICATE_METHOD_MATCH = YES;
				"CODE_SIGN_IDENTITY[sdk=iphoneos*]" = "iPhone Developer";
				COPY_PHASE_STRIP = NO;
				DEBUG_INFORMATION_FORMAT = dwarf;
				ENABLE_STRICT_OBJC_MSGSEND = YES;
				ENABLE_TESTABILITY = YES;
				GCC_C_LANGUAGE_STANDARD = gnu99;
				GCC_DYNAMIC_NO_PIC = NO;
				GCC_NO_COMMON_BLOCKS = YES;
				GCC_OPTIMIZATION_LEVEL = 0;
				GCC_PREPROCESSOR_DEFINITIONS = (
					"DEBUG=1",
					"$(inherited)",
				);
				GCC_WARN_64_TO_32_BIT_CONVERSION = YES;
				GCC_WARN_ABOUT_RETURN_TYPE = YES_ERROR;
				GCC_WARN_UNDECLARED_SELECTOR = YES;
				GCC_WARN_UNINITIALIZED_AUTOS = YES_AGGRESSIVE;
				GCC_WARN_UNUSED_FUNCTION = YES;
				GCC_WARN_UNUSED_VARIABLE = YES;
				IPHONEOS_DEPLOYMENT_TARGET = 10.2;
				MTL_ENABLE_DEBUG_INFO = YES;
				ONLY_ACTIVE_ARCH = YES;
				SDKROOT = iphoneos;
			};
			name = Debug;
		};
		8D6D0A311E2EB65700E8A5D1 /* Release */ = {
			isa = XCBuildConfiguration;
			buildSettings = {
				ALWAYS_SEARCH_USER_PATHS = NO;
				CLANG_ANALYZER_NONNULL = YES;
				CLANG_CXX_LANGUAGE_STANDARD = "gnu++0x";
				CLANG_CXX_LIBRARY = "libc++";
				CLANG_ENABLE_MODULES = YES;
				CLANG_ENABLE_OBJC_ARC = YES;
				CLANG_WARN_BOOL_CONVERSION = YES;
				CLANG_WARN_CONSTANT_CONVERSION = YES;
				CLANG_WARN_DIRECT_OBJC_ISA_USAGE = YES_ERROR;
				CLANG_WARN_DOCUMENTATION_COMMENTS = YES;
				CLANG_WARN_EMPTY_BODY = YES;
				CLANG_WARN_ENUM_CONVERSION = YES;
				CLANG_WARN_INFINITE_RECURSION = YES;
				CLANG_WARN_INT_CONVERSION = YES;
				CLANG_WARN_OBJC_ROOT_CLASS = YES_ERROR;
				CLANG_WARN_SUSPICIOUS_MOVE = YES;
				CLANG_WARN_UNREACHABLE_CODE = YES;
				CLANG_WARN__DUPLICATE_METHOD_MATCH = YES;
				"CODE_SIGN_IDENTITY[sdk=iphoneos*]" = "iPhone Developer";
				COPY_PHASE_STRIP = NO;
				DEBUG_INFORMATION_FORMAT = "dwarf-with-dsym";
				ENABLE_NS_ASSERTIONS = NO;
				ENABLE_STRICT_OBJC_MSGSEND = YES;
				GCC_C_LANGUAGE_STANDARD = gnu99;
				GCC_NO_COMMON_BLOCKS = YES;
				GCC_WARN_64_TO_32_BIT_CONVERSION = YES;
				GCC_WARN_ABOUT_RETURN_TYPE = YES_ERROR;
				GCC_WARN_UNDECLARED_SELECTOR = YES;
				GCC_WARN_UNINITIALIZED_AUTOS = YES_AGGRESSIVE;
				GCC_WARN_UNUSED_FUNCTION = YES;
				GCC_WARN_UNUSED_VARIABLE = YES;
				IPHONEOS_DEPLOYMENT_TARGET = 10.2;
				MTL_ENABLE_DEBUG_INFO = NO;
				SDKROOT = iphoneos;
				VALIDATE_PRODUCT = YES;
			};
			name = Release;
		};
		8D6D0A331E2EB65700E8A5D1 /* Debug */ = {
			isa = XCBuildConfiguration;
			buildSettings = {
				ASSETCATALOG_COMPILER_APPICON_NAME = AppIcon;
				DEVELOPMENT_TEAM = XSV88KY8NF;
				INFOPLIST_FILE = Libraries/Info.plist;
				LD_RUNPATH_SEARCH_PATHS = "$(inherited) @executable_path/Frameworks";
				PRODUCT_BUNDLE_IDENTIFIER = com.NicholasEllis.Libraries;
				PRODUCT_NAME = "$(TARGET_NAME)";
			};
			name = Debug;
		};
		8D6D0A341E2EB65700E8A5D1 /* Release */ = {
			isa = XCBuildConfiguration;
			buildSettings = {
				ASSETCATALOG_COMPILER_APPICON_NAME = AppIcon;
				DEVELOPMENT_TEAM = XSV88KY8NF;
				INFOPLIST_FILE = Libraries/Info.plist;
				LD_RUNPATH_SEARCH_PATHS = "$(inherited) @executable_path/Frameworks";
				PRODUCT_BUNDLE_IDENTIFIER = com.NicholasEllis.Libraries;
				PRODUCT_NAME = "$(TARGET_NAME)";
			};
			name = Release;
		};
/* End XCBuildConfiguration section */

/* Begin XCConfigurationList section */
		8D6D0A161E2EB65700E8A5D1 /* Build configuration list for PBXProject "Libraries" */ = {
			isa = XCConfigurationList;
			buildConfigurations = (
				8D6D0A301E2EB65700E8A5D1 /* Debug */,
				8D6D0A311E2EB65700E8A5D1 /* Release */,
			);
			defaultConfigurationIsVisible = 0;
			defaultConfigurationName = Release;
		};
		8D6D0A321E2EB65700E8A5D1 /* Build configuration list for PBXNativeTarget "Libraries" */ = {
			isa = XCConfigurationList;
			buildConfigurations = (
				8D6D0A331E2EB65700E8A5D1 /* Debug */,
				8D6D0A341E2EB65700E8A5D1 /* Release */,
			);
			defaultConfigurationIsVisible = 0;
		};
/* End XCConfigurationList section */
	};
	rootObject = 8D6D0A131E2EB65700E8A5D1 /* Project object */;
}
